
Microsoft Visual Studio Solution File, Format Version 12.00
# Visual Studio Version 17
VisualStudioVersion = 17.8.34322.80
MinimumVisualStudioVersion = 10.0.40219.1
Project("{FAE04EC0-301F-11D3-BF4B-00C04F79EFBC}") = "SampleApi", "SampleApi\SampleApi.csproj", "{01944D3D-B9E0-4DED-9D15-FC42A1229C95}"
EndProject
Project("{FAE04EC0-301F-11D3-BF4B-00C04F79EFBC}") = "Application", "Application\Application.csproj", "{EECAEC16-DEC6-4DAF-98D8-717D31A9E2D3}"
EndProject
Project("{FAE04EC0-301F-11D3-BF4B-00C04F79EFBC}") = "Domain", "Domain\Domain.csproj", "{8FA1A25D-E4A6-4DCD-BA9B-A73034D6450B}"
EndProject
Project("{FAE04EC0-301F-11D3-BF4B-00C04F79EFBC}") = "Infrastructure", "Infrastructure\Infrastructure.csproj", "{182E5BDC-4657-4749-93FF-6FB4607DED61}"
EndProject
Global
	GlobalSection(SolutionConfigurationPlatforms) = preSolution
		Debug|Any CPU = Debug|Any CPU
		Release|Any CPU = Release|Any CPU
	EndGlobalSection
	GlobalSection(ProjectConfigurationPlatforms) = postSolution
		{01944D3D-B9E0-4DED-9D15-FC42A1229C95}.Debug|Any CPU.ActiveCfg = Debug|Any CPU
		{01944D3D-B9E0-4DED-9D15-FC42A1229C95}.Debug|Any CPU.Build.0 = Debug|Any CPU
		{01944D3D-B9E0-4DED-9D15-FC42A1229C95}.Release|Any CPU.ActiveCfg = Release|Any CPU
		{01944D3D-B9E0-4DED-9D15-FC42A1229C95}.Release|Any CPU.Build.0 = Release|Any CPU
		{EECAEC16-DEC6-4DAF-98D8-717D31A9E2D3}.Debug|Any CPU.ActiveCfg = Debug|Any CPU
		{EECAEC16-DEC6-4DAF-98D8-717D31A9E2D3}.Debug|Any CPU.Build.0 = Debug|Any CPU
		{EECAEC16-DEC6-4DAF-98D8-717D31A9E2D3}.Release|Any CPU.ActiveCfg = Release|Any CPU
		{EECAEC16-DEC6-4DAF-98D8-717D31A9E2D3}.Release|Any CPU.Build.0 = Release|Any CPU
		{8FA1A25D-E4A6-4DCD-BA9B-A73034D6450B}.Debug|Any CPU.ActiveCfg = Debug|Any CPU
		{8FA1A25D-E4A6-4DCD-BA9B-A73034D6450B}.Debug|Any CPU.Build.0 = Debug|Any CPU
		{8FA1A25D-E4A6-4DCD-BA9B-A73034D6450B}.Release|Any CPU.ActiveCfg = Release|Any CPU
		{8FA1A25D-E4A6-4DCD-BA9B-A73034D6450B}.Release|Any CPU.Build.0 = Release|Any CPU
		{182E5BDC-4657-4749-93FF-6FB4607DED61}.Debug|Any CPU.ActiveCfg = Debug|Any CPU
		{182E5BDC-4657-4749-93FF-6FB4607DED61}.Debug|Any CPU.Build.0 = Debug|Any CPU
		{182E5BDC-4657-4749-93FF-6FB4607DED61}.Release|Any CPU.ActiveCfg = Release|Any CPU
		{182E5BDC-4657-4749-93FF-6FB4607DED61}.Release|Any CPU.Build.0 = Release|Any CPU
	EndGlobalSection
	GlobalSection(SolutionProperties) = preSolution
		HideSolutionNode = FALSE
	EndGlobalSection
	GlobalSection(ExtensibilityGlobals) = postSolution
		SolutionGuid = {E2525B8F-728E-44EB-8321-1572A77F7BB4}
	EndGlobalSection
EndGlobal
